
Microsoft Visual Studio Solution File, Format Version 12.00
# Visual Studio Version 17
VisualStudioVersion = 17.1.32210.238
MinimumVisualStudioVersion = 10.0.40219.1
Project("{FAE04EC0-301F-11D3-BF4B-00C04F79EFBC}") = "CarsDataBase", "CarsDataBase\CarsDataBase.csproj", "{CE893699-B898-454D-9897-F3D3B370102D}"
EndProject
Global
	GlobalSection(SolutionConfigurationPlatforms) = preSolution
		Debug|Any CPU = Debug|Any CPU
		Release|Any CPU = Release|Any CPU
	EndGlobalSection
	GlobalSection(ProjectConfigurationPlatforms) = postSolution
		{CE893699-B898-454D-9897-F3D3B370102D}.Debug|Any CPU.ActiveCfg = Debug|Any CPU
		{CE893699-B898-454D-9897-F3D3B370102D}.Debug|Any CPU.Build.0 = Debug|Any CPU
		{CE893699-B898-454D-9897-F3D3B370102D}.Release|Any CPU.ActiveCfg = Release|Any CPU
		{CE893699-B898-454D-9897-F3D3B370102D}.Release|Any CPU.Build.0 = Release|Any CPU
	EndGlobalSection
	GlobalSection(SolutionProperties) = preSolution
		HideSolutionNode = FALSE
	EndGlobalSection
	GlobalSection(ExtensibilityGlobals) = postSolution
		SolutionGuid = {1A6A37E3-B7FF-4546-99DE-759EEB2DE312}
	EndGlobalSection
EndGlobal
